
Microsoft Visual Studio Solution File, Format Version 12.00
# Visual Studio Version 16
VisualStudioVersion = 16.0.29418.71
MinimumVisualStudioVersion = 10.0.40219.1
Project("{FAE04EC0-301F-11D3-BF4B-00C04F79EFBC}") = "DeleteAccount", "DeleteAccount\DeleteAccount.csproj", "{DF9956D3-2FE6-4333-9630-68A6811D7459}"
EndProject
Global
	GlobalSection(SolutionConfigurationPlatforms) = preSolution
		Debug|Any CPU = Debug|Any CPU
		Release|Any CPU = Release|Any CPU
	EndGlobalSection
	GlobalSection(ProjectConfigurationPlatforms) = postSolution
		{DF9956D3-2FE6-4333-9630-68A6811D7459}.Debug|Any CPU.ActiveCfg = Debug|Any CPU
		{DF9956D3-2FE6-4333-9630-68A6811D7459}.Debug|Any CPU.Build.0 = Debug|Any CPU
		{DF9956D3-2FE6-4333-9630-68A6811D7459}.Release|Any CPU.ActiveCfg = Release|Any CPU
		{DF9956D3-2FE6-4333-9630-68A6811D7459}.Release|Any CPU.Build.0 = Release|Any CPU
	EndGlobalSection
	GlobalSection(SolutionProperties) = preSolution
		HideSolutionNode = FALSE
	EndGlobalSection
	GlobalSection(ExtensibilityGlobals) = postSolution
		SolutionGuid = {5AEDA306-1DCE-43E4-9B36-6E754CEBD12B}
	EndGlobalSection
EndGlobal
