
Microsoft Visual Studio Solution File, Format Version 12.00
# Visual Studio Version 16
VisualStudioVersion = 16.0.29418.71
MinimumVisualStudioVersion = 10.0.40219.1
Project("{FAE04EC0-301F-11D3-BF4B-00C04F79EFBC}") = "ParkingPalDBWS", "ParkingPalDBWS\ParkingPalDBWS.csproj", "{B3813C28-6A23-4845-BBC8-E82253DDE1BA}"
EndProject
Global
	GlobalSection(SolutionConfigurationPlatforms) = preSolution
		Debug|Any CPU = Debug|Any CPU
		Release|Any CPU = Release|Any CPU
	EndGlobalSection
	GlobalSection(ProjectConfigurationPlatforms) = postSolution
		{B3813C28-6A23-4845-BBC8-E82253DDE1BA}.Debug|Any CPU.ActiveCfg = Debug|Any CPU
		{B3813C28-6A23-4845-BBC8-E82253DDE1BA}.Debug|Any CPU.Build.0 = Debug|Any CPU
		{B3813C28-6A23-4845-BBC8-E82253DDE1BA}.Release|Any CPU.ActiveCfg = Release|Any CPU
		{B3813C28-6A23-4845-BBC8-E82253DDE1BA}.Release|Any CPU.Build.0 = Release|Any CPU
	EndGlobalSection
	GlobalSection(SolutionProperties) = preSolution
		HideSolutionNode = FALSE
	EndGlobalSection
	GlobalSection(ExtensibilityGlobals) = postSolution
		SolutionGuid = {502FE42F-6ACE-4144-8DB6-D19621EDF14D}
	EndGlobalSection
EndGlobal
